{
  "name": "cost-digest-lambda",
  "version": "1.0.0",
  "lockfileVersion": 3,
  "requires": true,
  "packages": {
    "": {
      "name": "cost-digest-lambda",
      "version": "1.0.0",
      "dependencies": {
        "@aws-sdk/client-athena": "^3.658.0",
        "@aws-sdk/client-cost-explorer": "^3.658.0",
        "@aws-sdk/client-s3": "^3.658.0",
        "@aws-sdk/client-synthetics": "^3.658.0"
      }
    },
    "node_modules/@aws-sdk/checksums": {
      "version": "3.1000.15",
      "resolved": "https://registry.npmjs.org/@aws-sdk/checksums/-/checksums-3.1000.15.tgz",
      "integrity": "sha512-hAdQvjHv7zijjhjumod+/k0xxlJEoKKKCuXarKturk3KebbVpzCo8k3XmobI6M7qK5Y3Zhnr9CUQJxrcPSQ80A==",
      "license": "Apache-2.0",
      "dependencies": {
        "@aws-sdk/core": "^3.975.0",
        "@aws-sdk/types": "^3.974.0",
        "@smithy/core": "^3.29.2",
        "@smithy/types": "^4.16.0",
        "tslib": "^2.6.2"
      },
      "engines": {
        "node": ">=20.0.0"
      }
    },
    "node_modules/@aws-sdk/client-athena": {
      "version": "3.1082.0",
      "resolved": "https://registry.npmjs.org/@aws-sdk/client-athena/-/client-athena-3.1082.0.tgz",
      "integrity": "sha512-vp9tMDKUl3dmm5UYH51kCQg4C7ug8apmwyJApsWyeUO7KawMrepP8rbY0DHtuUi5hGcxv9rbVBid3ZLI9sj+NA==",
      "license": "Apache-2.0",
      "dependencies": {
        "@aws-sdk/core": "^3.975.0",
        "@aws-sdk/credential-provider-node": "^3.972.65",
        "@aws-sdk/types": "^3.974.0",
        "@smithy/core": "^3.29.2",
        "@smithy/fetch-http-handler": "^5.6.4",
        "@smithy/node-http-handler": "^4.9.4",
        "@smithy/types": "^4.16.0",
        "tslib": "^2.6.2"
      },
      "engines": {
        "node": ">=20.0.0"
      }
    },
    "node_modules/@aws-sdk/client-cost-explorer": {
      "version": "3.1082.0",
      "resolved": "https://registry.npmjs.org/@aws-sdk/client-cost-explorer/-/client-cost-explorer-3.1082.0.tgz",
      "integrity": "sha512-taj0xyTxeH0hQK0t6JukS6bkX29biSCPIoz4HcYpsAPtg50cZpxs03ZUw/gaki/XuhsPmP+Tjn16k3fZK630RA==",
      "license": "Apache-2.0",
      "dependencies": {
        "@aws-sdk/core": "^3.975.0",
        "@aws-sdk/credential-provider-node": "^3.972.65",
        "@aws-sdk/types": "^3.974.0",
        "@smithy/core": "^3.29.2",
        "@smithy/fetch-http-handler": "^5.6.4",
        "@smithy/node-http-handler": "^4.9.4",
        "@smithy/types": "^4.16.0",
        "tslib": "^2.6.2"
      },
      "engines": {
        "node": ">=20.0.0"
      }
    },
    "node_modules/@aws-sdk/client-s3": {
      "version": "3.1082.0",
      "resolved": "https://registry.npmjs.org/@aws-sdk/client-s3/-/client-s3-3.1082.0.tgz",
      "integrity": "sha512-vY3uUgjYSWH+enoupP3NJ2iTYaGWc1jAjt7QdjyQLzEXZ9nCjbCZKUoHk5ZuBTgAGDhcOUvRkCxpHj1BA5AFvA==",
      "license": "Apache-2.0",
      "dependencies": {
        "@aws-sdk/checksums": "^3.1000.15",
        "@aws-sdk/core": "^3.975.0",
        "@aws-sdk/credential-provider-node": "^3.972.65",
        "@aws-sdk/middleware-sdk-s3": "^3.972.61",
        "@aws-sdk/signature-v4-multi-region": "^3.996.39",
        "@aws-sdk/types": "^3.974.0",
        "@smithy/core": "^3.29.2",
        "@smithy/fetch-http-handler": "^5.6.4",
        "@smithy/node-http-handler": "^4.9.4",
        "@smithy/types": "^4.16.0",
        "tslib": "^2.6.2"
      },
      "engines": {
        "node": ">=20.0.0"
      }
    },
    "node_modules/@aws-sdk/client-synthetics": {
      "version": "3.1082.0",
      "resolved": "https://registry.npmjs.org/@aws-sdk/client-synthetics/-/client-synthetics-3.1082.0.tgz",
      "integrity": "sha512-+rz5vpDveBNYcgOwxjw4zhLTxwpr0p1lBr/LfjFfH4+sAb39yt4RMB9Ti1HTALBCAdQy8G0UtuOYQsf8URHOoA==",
      "license": "Apache-2.0",
      "dependencies": {
        "@aws-sdk/core": "^3.975.0",
        "@aws-sdk/credential-provider-node": "^3.972.65",
        "@aws-sdk/types": "^3.974.0",
        "@smithy/core": "^3.29.2",
        "@smithy/fetch-http-handler": "^5.6.4",
        "@smithy/node-http-handler": "^4.9.4",
        "@smithy/types": "^4.16.0",
        "tslib": "^2.6.2"
      },
      "engines": {
        "node": ">=20.0.0"
      }
    },
    "node_modules/@aws-sdk/core": {
      "version": "3.975.0",
      "resolved": "https://registry.npmjs.org/@aws-sdk/core/-/core-3.975.0.tgz",
      "integrity": "sha512-rro0KMJz0XBZw1HChXXgylx9aaf60ITyBmZtH0x+9QG6u3SOoyM81LI9ONSGQe0nuN4554LOg4xKIY7frHpgmg==",
      "license": "Apache-2.0",
      "dependencies": {
        "@aws-sdk/types": "^3.974.0",
        "@aws-sdk/xml-builder": "^3.972.34",
        "@aws/lambda-invoke-store": "^0.3.0",
        "@smithy/core": "^3.29.2",
        "@smithy/signature-v4": "^5.6.3",
        "@smithy/types": "^4.16.0",
        "bowser": "^2.11.0",
        "tslib": "^2.6.2"
      },
      "engines": {
        "node": ">=20.0.0"
      }
    },
    "node_modules/@aws-sdk/credential-provider-env": {
      "version": "3.972.56",
      "resolved": "https://registry.npmjs.org/@aws-sdk/credential-provider-env/-/credential-provider-env-3.972.56.tgz",
      "integrity": "sha512-cjFAqXcfmzxOyNE7vGfe8XTju6JJ7ch/2w+vr/mqQMdxukSkBpkaWd3ewXpaBQ7FP+IKYLT5eHjvwqCUQua8DA==",
      "license": "Apache-2.0",
      "dependencies": {
        "@aws-sdk/core": "^3.975.0",
        "@aws-sdk/types": "^3.974.0",
        "@smithy/core": "^3.29.2",
        "@smithy/types": "^4.16.0",
        "tslib": "^2.6.2"
      },
      "engines": {
        "node": ">=20.0.0"
      }
    },
    "node_modules/@aws-sdk/credential-provider-http": {
      "version": "3.972.58",
      "resolved": "https://registry.npmjs.org/@aws-sdk/credential-provider-http/-/credential-provider-http-3.972.58.tgz",
      "integrity": "sha512-UTHgQ6j3IkOMYLXXWpil56RfprNfx+GWKdGiwhWBqKNSnxm43uH1erWg2fDv+/qPndz+wwmiLlfRArQZFmtO0Q==",
      "license": "Apache-2.0",
      "dependencies": {
        "@aws-sdk/core": "^3.975.0",
        "@aws-sdk/types": "^3.974.0",
        "@smithy/core": "^3.29.2",
        "@smithy/fetch-http-handler": "^5.6.4",
        "@smithy/node-http-handler": "^4.9.4",
        "@smithy/types": "^4.16.0",
        "tslib": "^2.6.2"
      },
      "engines": {
        "node": ">=20.0.0"
      }
    },
    "node_modules/@aws-sdk/credential-provider-ini": {
      "version": "3.973.0",
      "resolved": "https://registry.npmjs.org/@aws-sdk/credential-provider-ini/-/credential-provider-ini-3.973.0.tgz",
      "integrity": "sha512-KZKwYIv7ZwcZuWWz1bb7MAr8rChzZzDXbNWNVxZlh6tbG+WwwdBBvyIwrzvCOSV+/7/q+gyd5uiAfDSK+61/1Q==",
      "license": "Apache-2.0",
      "dependencies": {
        "@aws-sdk/core": "^3.975.0",
        "@aws-sdk/credential-provider-env": "^3.972.56",
        "@aws-sdk/credential-provider-http": "^3.972.58",
        "@aws-sdk/credential-provider-login": "^3.972.62",
        "@aws-sdk/credential-provider-process": "^3.972.56",
        "@aws-sdk/credential-provider-sso": "^3.973.0",
        "@aws-sdk/credential-provider-web-identity": "^3.972.62",
        "@aws-sdk/nested-clients": "^3.997.30",
        "@aws-sdk/types": "^3.974.0",
        "@smithy/core": "^3.29.2",
        "@smithy/credential-provider-imds": "^4.4.7",
        "@smithy/types": "^4.16.0",
        "tslib": "^2.6.2"
      },
      "engines": {
        "node": ">=20.0.0"
      }
    },
    "node_modules/@aws-sdk/credential-provider-login": {
      "version": "3.972.62",
      "resolved": "https://registry.npmjs.org/@aws-sdk/credential-provider-login/-/credential-provider-login-3.972.62.tgz",
      "integrity": "sha512-RKVpKRuq2xSzidsSMIgFXBUvfeTP3Tu9F7FnCi6dyyjbwYupOwa+liJYu7fyhqpLUSKg+NAEFfUQvg1791Wb2Q==",
      "license": "Apache-2.0",
      "dependencies": {
        "@aws-sdk/core": "^3.975.0",
        "@aws-sdk/nested-clients": "^3.997.30",
        "@aws-sdk/types": "^3.974.0",
        "@smithy/core": "^3.29.2",
        "@smithy/types": "^4.16.0",
        "tslib": "^2.6.2"
      },
      "engines": {
        "node": ">=20.0.0"
      }
    },
    "node_modules/@aws-sdk/credential-provider-node": {
      "version": "3.972.65",
      "resolved": "https://registry.npmjs.org/@aws-sdk/credential-provider-node/-/credential-provider-node-3.972.65.tgz",
      "integrity": "sha512-0+AbSk0KOk+5VR12KHy4PM2SDgGmO8tcdTVVSyvfG0k043i8sq4x7jSLTzNTI+BxUMjteIPSqFc8AfYm/PjxoQ==",
      "license": "Apache-2.0",
      "dependencies": {
        "@aws-sdk/credential-provider-env": "^3.972.56",
        "@aws-sdk/credential-provider-http": "^3.972.58",
        "@aws-sdk/credential-provider-ini": "^3.973.0",
        "@aws-sdk/credential-provider-process": "^3.972.56",
        "@aws-sdk/credential-provider-sso": "^3.973.0",
        "@aws-sdk/credential-provider-web-identity": "^3.972.62",
        "@aws-sdk/types": "^3.974.0",
        "@smithy/core": "^3.29.2",
        "@smithy/credential-provider-imds": "^4.4.7",
        "@smithy/types": "^4.16.0",
        "tslib": "^2.6.2"
      },
      "engines": {
        "node": ">=20.0.0"
      }
    },
    "node_modules/@aws-sdk/credential-provider-process": {
      "version": "3.972.56",
      "resolved": "https://registry.npmjs.org/@aws-sdk/credential-provider-process/-/credential-provider-process-3.972.56.tgz",
      "integrity": "sha512-PC8w9452qVJCf0ZaGq/Gf7uxq2oX8dIE8ON//uoRt8Smhq3ihSWwSVdlFMIK89MCN53+wwif62FL/+sudBFpJQ==",
      "license": "Apache-2.0",
      "dependencies": {
        "@aws-sdk/core": "^3.975.0",
        "@aws-sdk/types": "^3.974.0",
        "@smithy/core": "^3.29.2",
        "@smithy/types": "^4.16.0",
        "tslib": "^2.6.2"
      },
      "engines": {
        "node": ">=20.0.0"
      }
    },
    "node_modules/@aws-sdk/credential-provider-sso": {
      "version": "3.973.0",
      "resolved": "https://registry.npmjs.org/@aws-sdk/credential-provider-sso/-/credential-provider-sso-3.973.0.tgz",
      "integrity": "sha512-ZCe6i8p6jl3OUKV1l8aOWI/gNUjFH/94M0LqfsRit7qGt0HdK+fdsqDOlH2H3yw15WUsFCJ+r1xqsE6kSdPVlw==",
      "license": "Apache-2.0",
      "dependencies": {
        "@aws-sdk/core": "^3.975.0",
        "@aws-sdk/nested-clients": "^3.997.30",
        "@aws-sdk/token-providers": "3.1082.0",
        "@aws-sdk/types": "^3.974.0",
        "@smithy/core": "^3.29.2",
        "@smithy/types": "^4.16.0",
        "tslib": "^2.6.2"
      },
      "engines": {
        "node": ">=20.0.0"
      }
    },
    "node_modules/@aws-sdk/credential-provider-web-identity": {
      "version": "3.972.62",
      "resolved": "https://registry.npmjs.org/@aws-sdk/credential-provider-web-identity/-/credential-provider-web-identity-3.972.62.tgz",
      "integrity": "sha512-CrGUTJlMSkecTSSSA4J/BC+VmzXAgVXDkRKj4Wy1EvrsZPaT0L9tiCly6VPSfJTM4ypokARht+IgDSk38gmh9w==",
      "license": "Apache-2.0",
      "dependencies": {
        "@aws-sdk/core": "^3.975.0",
        "@aws-sdk/nested-clients": "^3.997.30",
        "@aws-sdk/types": "^3.974.0",
        "@smithy/core": "^3.29.2",
        "@smithy/types": "^4.16.0",
        "tslib": "^2.6.2"
      },
      "engines": {
        "node": ">=20.0.0"
      }
    },
    "node_modules/@aws-sdk/middleware-sdk-s3": {
      "version": "3.972.61",
      "resolved": "https://registry.npmjs.org/@aws-sdk/middleware-sdk-s3/-/middleware-sdk-s3-3.972.61.tgz",
      "integrity": "sha512-L3YKtSu81xFfjUaNYJTPEWNz0KSPfKGDcDcblRC/JxVJ7/BNTskIX1lSWRd9nRKZg+3ilgvw7FTwCNPKJ0PAPQ==",
      "license": "Apache-2.0",
      "dependencies": {
        "@aws-sdk/core": "^3.975.0",
        "@aws-sdk/signature-v4-multi-region": "^3.996.39",
        "@aws-sdk/types": "^3.974.0",
        "@smithy/core": "^3.29.2",
        "@smithy/types": "^4.16.0",
        "tslib": "^2.6.2"
      },
      "engines": {
        "node": ">=20.0.0"
      }
    },
    "node_modules/@aws-sdk/nested-clients": {
      "version": "3.997.30",
      "resolved": "https://registry.npmjs.org/@aws-sdk/nested-clients/-/nested-clients-3.997.30.tgz",
      "integrity": "sha512-ZQpvaE4gKKChXIyU5nn/jJeA5TixpWeb3KToovyQ+Hj2HPHkTIjCWirnDHG9Za1HNwTFP4NHdAtuNuEU0PqDww==",
      "license": "Apache-2.0",
      "dependencies": {
        "@aws-sdk/core": "^3.975.0",
        "@aws-sdk/signature-v4-multi-region": "^3.996.39",
        "@aws-sdk/types": "^3.974.0",
        "@smithy/core": "^3.29.2",
        "@smithy/fetch-http-handler": "^5.6.4",
        "@smithy/node-http-handler": "^4.9.4",
        "@smithy/types": "^4.16.0",
        "tslib": "^2.6.2"
      },
      "engines": {
        "node": ">=20.0.0"
      }
    },
    "node_modules/@aws-sdk/signature-v4-multi-region": {
      "version": "3.996.39",
      "resolved": "https://registry.npmjs.org/@aws-sdk/signature-v4-multi-region/-/signature-v4-multi-region-3.996.39.tgz",
      "integrity": "sha512-8+srXqYIF8KYMLC4FxMLEM5Ek7kUNibJu1R4m8/fUhhNYIZZz26oGtKkCr8I/HiG2fFQxBvaGgQZT4/mqRCSnA==",
      "license": "Apache-2.0",
      "dependencies": {
        "@aws-sdk/types": "^3.974.0",
        "@smithy/signature-v4": "^5.6.3",
        "@smithy/types": "^4.16.0",
        "tslib": "^2.6.2"
      },
      "engines": {
        "node": ">=20.0.0"
      }
    },
    "node_modules/@aws-sdk/token-providers": {
      "version": "3.1082.0",
      "resolved": "https://registry.npmjs.org/@aws-sdk/token-providers/-/token-providers-3.1082.0.tgz",
      "integrity": "sha512-adHOgJ97jv3QkN8w9TNrDx+3SKAIi1+ihCsv2n4/hYMIvCuzD0QA6vgPGeb/R3fYk9ZVXD2/0SaluR0izcAY/Q==",
      "license": "Apache-2.0",
      "dependencies": {
        "@aws-sdk/core": "^3.975.0",
        "@aws-sdk/nested-clients": "^3.997.30",
        "@aws-sdk/types": "^3.974.0",
        "@smithy/core": "^3.29.2",
        "@smithy/types": "^4.16.0",
        "tslib": "^2.6.2"
      },
      "engines": {
        "node": ">=20.0.0"
      }
    },
    "node_modules/@aws-sdk/types": {
      "version": "3.974.0",
      "resolved": "https://registry.npmjs.org/@aws-sdk/types/-/types-3.974.0.tgz",
      "integrity": "sha512-QIBrw90CDm4O0UaIIzkU6DrFdeJzEb2Va5EPEVpyldj6sHJxB6cshhStJuhZxk3wR3PmjJlYsjPmY1kNb+KGBg==",
      "license": "Apache-2.0",
      "dependencies": {
        "@smithy/types": "^4.16.0",
        "tslib": "^2.6.2"
      },
      "engines": {
        "node": ">=20.0.0"
      }
    },
    "node_modules/@aws-sdk/xml-builder": {
      "version": "3.972.34",
      "resolved": "https://registry.npmjs.org/@aws-sdk/xml-builder/-/xml-builder-3.972.34.tgz",
      "integrity": "sha512-wHhWL1y7sN3enBA8POrPpQM5jCcmu2ozyhbRei4c8OjVcEaEs6yLucLa/pla457ggS/ysuy7bosagz3HaJkZXA==",
      "license": "Apache-2.0",
      "dependencies": {
        "@smithy/types": "^4.16.0",
        "tslib": "^2.6.2"
      },
      "engines": {
        "node": ">=20.0.0"
      }
    },
    "node_modules/@aws/lambda-invoke-store": {
      "version": "0.3.0",
      "resolved": "https://registry.npmjs.org/@aws/lambda-invoke-store/-/lambda-invoke-store-0.3.0.tgz",
      "integrity": "sha512-sl4Bm6yiMNYrZKkqqDFWN0UfnWhlS8ivKxrYl+6t0gCLrqr8y3B2IqZZbFRkfaVVp7C/baApyh71P+LeE1A2sQ==",
      "license": "Apache-2.0",
      "engines": {
        "node": ">=18.0.0"
      }
    },
    "node_modules/@smithy/core": {
      "version": "3.29.2",
      "resolved": "https://registry.npmjs.org/@smithy/core/-/core-3.29.2.tgz",
      "integrity": "sha512-DXUk6yU0C1Q1tYvJh1VCtl8QOBcSoZpKwjTPkxT6A4MUQYHvgeKGByL8mrEdxnvhdf9nq5GyzmRb5n/vPgu3Lw==",
      "license": "Apache-2.0",
      "dependencies": {
        "@smithy/types": "^4.16.0",
        "tslib": "^2.6.2"
      },
      "engines": {
        "node": ">=18.0.0"
      }
    },
    "node_modules/@smithy/credential-provider-imds": {
      "version": "4.4.7",
      "resolved": "https://registry.npmjs.org/@smithy/credential-provider-imds/-/credential-provider-imds-4.4.7.tgz",
      "integrity": "sha512-UEMLOoA0Fl4uYBxh6l0uN0H6EJe/A89OGeDNTteQeXpJ20BcpfIr4wlCY9pel1jEAUHAxaYwuqrYlrKdXE1GKQ==",
      "license": "Apache-2.0",
      "dependencies": {
        "@smithy/core": "^3.29.2",
        "@smithy/types": "^4.16.0",
        "tslib": "^2.6.2"
      },
      "engines": {
        "node": ">=18.0.0"
      }
    },
    "node_modules/@smithy/fetch-http-handler": {
      "version": "5.6.4",
      "resolved": "https://registry.npmjs.org/@smithy/fetch-http-handler/-/fetch-http-handler-5.6.4.tgz",
      "integrity": "sha512-psnst7NZWdAEvJvyW8YZEE7xNVMyLrQFfHtyrVFrxNyy+dKWkQ+rqC6oI5ZhxThpUy9RSfEshgm34zqbOxzsRw==",
      "license": "Apache-2.0",
      "dependencies": {
        "@smithy/core": "^3.29.2",
        "@smithy/types": "^4.16.0",
        "tslib": "^2.6.2"
      },
      "engines": {
        "node": ">=18.0.0"
      }
    },
    "node_modules/@smithy/node-http-handler": {
      "version": "4.9.4",
      "resolved": "https://registry.npmjs.org/@smithy/node-http-handler/-/node-http-handler-4.9.4.tgz",
      "integrity": "sha512-BNTop/fSOptmoVk8g+efwHCofFh37g70OWGAFES1TeAAJja1K5aAI8rTE26ETSc5k8IQuWY2kAIoPla01NgYrA==",
      "license": "Apache-2.0",
      "dependencies": {
        "@smithy/core": "^3.29.2",
        "@smithy/types": "^4.16.0",
        "tslib": "^2.6.2"
      },
      "engines": {
        "node": ">=18.0.0"
      }
    },
    "node_modules/@smithy/signature-v4": {
      "version": "5.6.3",
      "resolved": "https://registry.npmjs.org/@smithy/signature-v4/-/signature-v4-5.6.3.tgz",
      "integrity": "sha512-8qVKKzqh7naF27ePmx0SkUfnGP/wBI9dyaeAmhHvopnbIlItUAmB/e6PkPCU3rRb2v9BY8D4EZXSoydSibatvw==",
      "license": "Apache-2.0",
      "dependencies": {
        "@smithy/core": "^3.29.2",
        "@smithy/types": "^4.16.0",
        "tslib": "^2.6.2"
      },
      "engines": {
        "node": ">=18.0.0"
      }
    },
    "node_modules/@smithy/types": {
      "version": "4.16.0",
      "resolved": "https://registry.npmjs.org/@smithy/types/-/types-4.16.0.tgz",
      "integrity": "sha512-aVUabzlBBmY0PfvVgLKQSOGFIL5/7R54JE3uD9a5Ay/jSED61SkuAcCYENNXJzYUvJ1NPrWO0P+rAXHCkbBUKw==",
      "license": "Apache-2.0",
      "dependencies": {
        "tslib": "^2.6.2"
      },
      "engines": {
        "node": ">=18.0.0"
      }
    },
    "node_modules/bowser": {
      "version": "2.14.1",
      "resolved": "https://registry.npmjs.org/bowser/-/bowser-2.14.1.tgz",
      "integrity": "sha512-tzPjzCxygAKWFOJP011oxFHs57HzIhOEracIgAePE4pqB3LikALKnSzUyU4MGs9/iCEUuHlAJTjTc5M+u7YEGg==",
      "license": "MIT"
    },
    "node_modules/tslib": {
      "version": "2.8.1",
      "resolved": "https://registry.npmjs.org/tslib/-/tslib-2.8.1.tgz",
      "integrity": "sha512-oJFu94HQb+KVduSUQL7wnpmqnfmLsOA/nAh6b6EH0wCEoK0/mPeXU6c3wKDV83MkOuHPRHtSXKKU99IBazS/2w==",
      "license": "0BSD"
    }
  }
}
